
Microsoft Visual Studio Solution File, Format Version 12.00
# Visual Studio Version 16
VisualStudioVersion = 16.0.29519.181
MinimumVisualStudioVersion = 10.0.40219.1
Project("{FAE04EC0-301F-11D3-BF4B-00C04F79EFBC}") = "MarmaraKargo", "MarmaraKargo.csproj", "{36CDC4B4-A1DA-4881-A806-3D1934C8AC0A}"
EndProject
Global
	GlobalSection(SolutionConfigurationPlatforms) = preSolution
		Debug|Any CPU = Debug|Any CPU
		Release|Any CPU = Release|Any CPU
	EndGlobalSection
	GlobalSection(ProjectConfigurationPlatforms) = postSolution
		{36CDC4B4-A1DA-4881-A806-3D1934C8AC0A}.Debug|Any CPU.ActiveCfg = Debug|Any CPU
		{36CDC4B4-A1DA-4881-A806-3D1934C8AC0A}.Debug|Any CPU.Build.0 = Debug|Any CPU
		{36CDC4B4-A1DA-4881-A806-3D1934C8AC0A}.Release|Any CPU.ActiveCfg = Release|Any CPU
		{36CDC4B4-A1DA-4881-A806-3D1934C8AC0A}.Release|Any CPU.Build.0 = Release|Any CPU
	EndGlobalSection
	GlobalSection(SolutionProperties) = preSolution
		HideSolutionNode = FALSE
	EndGlobalSection
	GlobalSection(ExtensibilityGlobals) = postSolution
		SolutionGuid = {9E20714F-496D-401C-A345-48DF9BAB306B}
	EndGlobalSection
EndGlobal
